[[package]]
category = "main"
description = "Fast, Extensible Progress Meter"
name = "tqdm"
optional = false
python-versions = "!=3.0.*,!=3.1.*,!=3.2.*,!=3.3.*,>=2.7"
version = "4.55.1"

[package.extras]
dev = ["py-make (>=0.1.0)", "twine", "wheel"]
telegram = ["requests"]

[metadata]
content-hash = "64ce61bc5fa8438daa3560bfccc287489d66bdd71a5b0319e647155da87d7bc9"
python-versions = "^3.8"

[metadata.files]
tqdm = [
    {file = "tqdm-4.55.1-py2.py3-none-any.whl", hash = "sha256:b8b46036fd00176d0870307123ef06bb851096964fa7fc578d789f90ce82c3e4"},
    {file = "tqdm-4.55.1.tar.gz", hash = "sha256:556c55b081bd9aa746d34125d024b73f0e2a0e62d5927ff0e400e20ee0a03b9a"},
]
